
Microsoft Visual Studio Solution File, Format Version 12.00
# Visual Studio Version 16
VisualStudioVersion = 16.0.31321.278
MinimumVisualStudioVersion = 10.0.40219.1
Project("{FAE04EC0-301F-11D3-BF4B-00C04F79EFBC}") = "Registration", "Registration\Registration.csproj", "{65C7F1AD-9F97-44C2-A574-A0E1E8D0C75D}"
EndProject
Global
	GlobalSection(SolutionConfigurationPlatforms) = preSolution
		Debug|Any CPU = Debug|Any CPU
		Release|Any CPU = Release|Any CPU
	EndGlobalSection
	GlobalSection(ProjectConfigurationPlatforms) = postSolution
		{65C7F1AD-9F97-44C2-A574-A0E1E8D0C75D}.Debug|Any CPU.ActiveCfg = Debug|Any CPU
		{65C7F1AD-9F97-44C2-A574-A0E1E8D0C75D}.Debug|Any CPU.Build.0 = Debug|Any CPU
		{65C7F1AD-9F97-44C2-A574-A0E1E8D0C75D}.Release|Any CPU.ActiveCfg = Release|Any CPU
		{65C7F1AD-9F97-44C2-A574-A0E1E8D0C75D}.Release|Any CPU.Build.0 = Release|Any CPU
	EndGlobalSection
	GlobalSection(SolutionProperties) = preSolution
		HideSolutionNode = FALSE
	EndGlobalSection
	GlobalSection(ExtensibilityGlobals) = postSolution
		SolutionGuid = {E9BA0403-B2F4-41BB-81C6-25B49C36CF50}
	EndGlobalSection
EndGlobal
